
Microsoft Visual Studio Solution File, Format Version 12.00
# Visual Studio Version 17
VisualStudioVersion = 17.14.36414.22 d17.14
MinimumVisualStudioVersion = 10.0.40219.1
Project("{FAE04EC0-301F-11D3-BF4B-00C04F79EFBC}") = "Othello", "Othello\Othello.csproj", "{EEF10391-7506-46D6-A1CC-D92E25C834C8}"
EndProject
Global
	GlobalSection(SolutionConfigurationPlatforms) = preSolution
		Debug|Any CPU = Debug|Any CPU
		Release|Any CPU = Release|Any CPU
	EndGlobalSection
	GlobalSection(ProjectConfigurationPlatforms) = postSolution
		{EEF10391-7506-46D6-A1CC-D92E25C834C8}.Debug|Any CPU.ActiveCfg = Debug|Any CPU
		{EEF10391-7506-46D6-A1CC-D92E25C834C8}.Debug|Any CPU.Build.0 = Debug|Any CPU
		{EEF10391-7506-46D6-A1CC-D92E25C834C8}.Release|Any CPU.ActiveCfg = Release|Any CPU
		{EEF10391-7506-46D6-A1CC-D92E25C834C8}.Release|Any CPU.Build.0 = Release|Any CPU
	EndGlobalSection
	GlobalSection(SolutionProperties) = preSolution
		HideSolutionNode = FALSE
	EndGlobalSection
	GlobalSection(ExtensibilityGlobals) = postSolution
		SolutionGuid = {41861A7D-0773-4223-804A-B150AE0B7532}
	EndGlobalSection
EndGlobal
